
Microsoft Visual Studio Solution File, Format Version 12.00
# Visual Studio Version 17
VisualStudioVersion = 17.7.34024.191
MinimumVisualStudioVersion = 10.0.40219.1
Project("{9A19103F-16F7-4668-BE54-9A1E7A4F7556}") = "staff_id_tracker", "staff_id_tracker.csproj", "{C6DCABA6-F182-44DC-B1DE-0EA3C3E0DEB7}"
EndProject
Global
	GlobalSection(SolutionConfigurationPlatforms) = preSolution
		Debug|Any CPU = Debug|Any CPU
		Release|Any CPU = Release|Any CPU
	EndGlobalSection
	GlobalSection(ProjectConfigurationPlatforms) = postSolution
		{C6DCABA6-F182-44DC-B1DE-0EA3C3E0DEB7}.Debug|Any CPU.ActiveCfg = Debug|Any CPU
		{C6DCABA6-F182-44DC-B1DE-0EA3C3E0DEB7}.Debug|Any CPU.Build.0 = Debug|Any CPU
		{C6DCABA6-F182-44DC-B1DE-0EA3C3E0DEB7}.Release|Any CPU.ActiveCfg = Release|Any CPU
		{C6DCABA6-F182-44DC-B1DE-0EA3C3E0DEB7}.Release|Any CPU.Build.0 = Release|Any CPU
	EndGlobalSection
	GlobalSection(SolutionProperties) = preSolution
		HideSolutionNode = FALSE
	EndGlobalSection
	GlobalSection(ExtensibilityGlobals) = postSolution
		SolutionGuid = {2781CA7A-2106-4800-95CA-736B60580203}
	EndGlobalSection
EndGlobal
